
Microsoft Visual Studio Solution File, Format Version 12.00
# Visual Studio 14
VisualStudioVersion = 14.0.24720.0
MinimumVisualStudioVersion = 10.0.40219.1
Project("{FAE04EC0-301F-11D3-BF4B-00C04F79EFBC}") = "SchultzLegendWebSite", "SchultzLegendWebSite\SchultzLegendWebSite.csproj", "{608F5C10-DDFD-4727-AD15-F1FC4C2E2FDC}"
EndProject
Project("{FAE04EC0-301F-11D3-BF4B-00C04F79EFBC}") = "SchultzLegendWebSite.Tests", "SchultzLegendWebSite.Tests\SchultzLegendWebSite.Tests.csproj", "{0CF7DA22-28FC-465D-A75C-B0ED146B2676}"
EndProject
Global
	GlobalSection(SolutionConfigurationPlatforms) = preSolution
		Debug|Any CPU = Debug|Any CPU
		Release|Any CPU = Release|Any CPU
	EndGlobalSection
	GlobalSection(ProjectConfigurationPlatforms) = postSolution
		{608F5C10-DDFD-4727-AD15-F1FC4C2E2FDC}.Debug|Any CPU.ActiveCfg = Debug|Any CPU
		{608F5C10-DDFD-4727-AD15-F1FC4C2E2FDC}.Debug|Any CPU.Build.0 = Debug|Any CPU
		{608F5C10-DDFD-4727-AD15-F1FC4C2E2FDC}.Release|Any CPU.ActiveCfg = Release|Any CPU
		{608F5C10-DDFD-4727-AD15-F1FC4C2E2FDC}.Release|Any CPU.Build.0 = Release|Any CPU
		{0CF7DA22-28FC-465D-A75C-B0ED146B2676}.Debug|Any CPU.ActiveCfg = Debug|Any CPU
		{0CF7DA22-28FC-465D-A75C-B0ED146B2676}.Debug|Any CPU.Build.0 = Debug|Any CPU
		{0CF7DA22-28FC-465D-A75C-B0ED146B2676}.Release|Any CPU.ActiveCfg = Release|Any CPU
		{0CF7DA22-28FC-465D-A75C-B0ED146B2676}.Release|Any CPU.Build.0 = Release|Any CPU
	EndGlobalSection
	GlobalSection(SolutionProperties) = preSolution
		HideSolutionNode = FALSE
	EndGlobalSection
EndGlobal
